
Microsoft Visual Studio Solution File, Format Version 12.00
# Visual Studio Version 16
VisualStudioVersion = 16.0.30413.136
MinimumVisualStudioVersion = 10.0.40219.1
Project("{9A19103F-16F7-4668-BE54-9A1E7A4F7556}") = "ICP algoritmus", "Zobrazovani\ICP algoritmus.csproj", "{6B9A066E-2B83-4BF8-8DDD-FF19529E5B37}"
EndProject
Global
	GlobalSection(SolutionConfigurationPlatforms) = preSolution
		Debug|Any CPU = Debug|Any CPU
		Release|Any CPU = Release|Any CPU
	EndGlobalSection
	GlobalSection(ProjectConfigurationPlatforms) = postSolution
		{6B9A066E-2B83-4BF8-8DDD-FF19529E5B37}.Debug|Any CPU.ActiveCfg = Debug|Any CPU
		{6B9A066E-2B83-4BF8-8DDD-FF19529E5B37}.Debug|Any CPU.Build.0 = Debug|Any CPU
		{6B9A066E-2B83-4BF8-8DDD-FF19529E5B37}.Release|Any CPU.ActiveCfg = Release|Any CPU
		{6B9A066E-2B83-4BF8-8DDD-FF19529E5B37}.Release|Any CPU.Build.0 = Release|Any CPU
	EndGlobalSection
	GlobalSection(SolutionProperties) = preSolution
		HideSolutionNode = FALSE
	EndGlobalSection
	GlobalSection(ExtensibilityGlobals) = postSolution
		SolutionGuid = {B6A5D588-DA5E-4A02-A54C-A0D3731A2DD7}
	EndGlobalSection
EndGlobal
